
Microsoft Visual Studio Solution File, Format Version 12.00
# Visual Studio Version 16
VisualStudioVersion = 16.0.29709.97
MinimumVisualStudioVersion = 10.0.40219.1
Project("{9A19103F-16F7-4668-BE54-9A1E7A4F7556}") = "ApiAuthentication.Server", "ApiAuthentication.Server\ApiAuthentication.Server.csproj", "{04EE9C2C-CAE5-45CB-98C8-42A19C96E3EB}"
EndProject
Project("{9A19103F-16F7-4668-BE54-9A1E7A4F7556}") = "ApiAuthentication.Api", "ApiAuthentication.Api\ApiAuthentication.Api.csproj", "{3A034C2D-9AE9-424B-AE21-67D357FA70B9}"
EndProject
Project("{9A19103F-16F7-4668-BE54-9A1E7A4F7556}") = "ApiAuthentication.Client", "ApiAuthentication.Client\ApiAuthentication.Client.csproj", "{77F94D7B-1E4E-4664-856F-11FBEFD68F82}"
EndProject
Global
	GlobalSection(SolutionConfigurationPlatforms) = preSolution
		Debug|Any CPU = Debug|Any CPU
		Release|Any CPU = Release|Any CPU
	EndGlobalSection
	GlobalSection(ProjectConfigurationPlatforms) = postSolution
		{04EE9C2C-CAE5-45CB-98C8-42A19C96E3EB}.Debug|Any CPU.ActiveCfg = Debug|Any CPU
		{04EE9C2C-CAE5-45CB-98C8-42A19C96E3EB}.Debug|Any CPU.Build.0 = Debug|Any CPU
		{04EE9C2C-CAE5-45CB-98C8-42A19C96E3EB}.Release|Any CPU.ActiveCfg = Release|Any CPU
		{04EE9C2C-CAE5-45CB-98C8-42A19C96E3EB}.Release|Any CPU.Build.0 = Release|Any CPU
		{3A034C2D-9AE9-424B-AE21-67D357FA70B9}.Debug|Any CPU.ActiveCfg = Debug|Any CPU
		{3A034C2D-9AE9-424B-AE21-67D357FA70B9}.Debug|Any CPU.Build.0 = Debug|Any CPU
		{3A034C2D-9AE9-424B-AE21-67D357FA70B9}.Release|Any CPU.ActiveCfg = Release|Any CPU
		{3A034C2D-9AE9-424B-AE21-67D357FA70B9}.Release|Any CPU.Build.0 = Release|Any CPU
		{77F94D7B-1E4E-4664-856F-11FBEFD68F82}.Debug|Any CPU.ActiveCfg = Debug|Any CPU
		{77F94D7B-1E4E-4664-856F-11FBEFD68F82}.Debug|Any CPU.Build.0 = Debug|Any CPU
		{77F94D7B-1E4E-4664-856F-11FBEFD68F82}.Release|Any CPU.ActiveCfg = Release|Any CPU
		{77F94D7B-1E4E-4664-856F-11FBEFD68F82}.Release|Any CPU.Build.0 = Release|Any CPU
	EndGlobalSection
	GlobalSection(SolutionProperties) = preSolution
		HideSolutionNode = FALSE
	EndGlobalSection
	GlobalSection(ExtensibilityGlobals) = postSolution
		SolutionGuid = {6CBE8E1D-1585-4F05-9778-7B463B41BE0A}
	EndGlobalSection
EndGlobal
